{
  "name": "atlaslink",
  "version": "1.0.0",
  "lockfileVersion": 3,
  "requires": true,
  "packages": {
    "": {
      "name": "atlaslink",
      "version": "1.0.0",
      "license": "Apache-2.0",
      "dependencies": {
        "agenthood": "file:../agenthood"
      }
    },
    "../agenthood": {
      "version": "3.37.1",
      "hasInstallScript": true,
      "license": "MIT",
      "dependencies": {
        "@anthropic-ai/sdk": "0.105.0",
        "@lancedb/lancedb": "0.30.0",
        "@sentry/node": "10.70.0",
        "ajv": "8.20.0",
        "dotenv": "17.4.2",
        "groq-sdk": "1.2.1",
        "openai": "6.44.0",
        "tree-sitter": "0.21.1",
        "tree-sitter-go": "0.23.2",
        "tree-sitter-python": "0.23.2",
        "tree-sitter-typescript": "0.23.2"
      },
      "bin": {
        "agenthood": "dist/cli.js"
      },
      "devDependencies": {
        "@commitlint/cli": "^19.5.0",
        "@commitlint/config-conventional": "^19.5.0",
        "@commitlint/types": "^19.0.0",
        "@eslint/js": "^9.15.0",
        "@semantic-release/changelog": "^6.0.3",
        "@semantic-release/exec": "^7.1.0",
        "@semantic-release/git": "^10.0.1",
        "@semantic-release/github": "^11.0.6",
        "@semantic-release/npm": "^13.1.5",
        "@types/node": "^22.19.21",
        "@types/normalize-package-data": "^2.4.4",
        "@vitest/coverage-v8": "^4.1.8",
        "eslint": "^10.8.0",
        "jiti": "^2.7.0",
        "marked": "^15.0.12",
        "semantic-release": "^25.0.5",
        "tsx": "^4.19.0",
        "typescript": "^5.8.0",
        "typescript-eslint": "^8.0.0",
        "vitest": "^4.1.8"
      },
      "engines": {
        "node": ">=22.14.0"
      }
    },
    "node_modules/agenthood": {
      "resolved": "../agenthood",
      "link": true
    }
  }
}
